{
  "pins" : [
    {
      "identity" : "wwhud",
      "kind" : "remoteSourceControl",
      "location" : "https://github.com/William-Weng/WWHUD",
      "state" : {
        "revision" : "24d6218c7fac396f2c725bad422f3409cb592487",
        "version" : "1.3.0"
      }
    },
    {
      "identity" : "wwnetworking",
      "kind" : "remoteSourceControl",
      "location" : "https://github.com/William-Weng/WWNetworking.git",
      "state" : {
        "revision" : "cad6323f8ec5b7fe87ac4c0e820c0529d402e5e1",
        "version" : "1.6.2"
      }
    },
    {
      "identity" : "wwprint",
      "kind" : "remoteSourceControl",
      "location" : "https://github.com/William-Weng/WWPrint",
      "state" : {
        "revision" : "8f5928f5d36624d77f8fc563fd8e31a59cfac6b6",
        "version" : "1.3.1"
      }
    },
    {
      "identity" : "wwsimplechatgpt",
      "kind" : "remoteSourceControl",
      "location" : "https://github.com/William-Weng/WWSimpleChatGPT",
      "state" : {
        "revision" : "e89836ced5d7c32e0f0b88dad84e34a8ae8542d8",
        "version" : "0.5.4"
      }
    }
  ],
  "version" : 2
}
